
Microsoft Visual Studio Solution File, Format Version 12.00
# Visual Studio Version 17
VisualStudioVersion = 17.5.33424.131
MinimumVisualStudioVersion = 10.0.40219.1
Project("{9A19103F-16F7-4668-BE54-9A1E7A4F7556}") = "Projekt", "Projekt\Projekt.csproj", "{0FAD8C7D-E562-45D9-9D08-6359D06F8EC5}"
EndProject
Project("{FAE04EC0-301F-11D3-BF4B-00C04F79EFBC}") = "Klasy1", "Klasy1\Klasy1.csproj", "{4D96BE26-24B3-406A-9524-BBCF7C9D8B4F}"
EndProject
Global
	GlobalSection(SolutionConfigurationPlatforms) = preSolution
		Debug|Any CPU = Debug|Any CPU
		Release|Any CPU = Release|Any CPU
	EndGlobalSection
	GlobalSection(ProjectConfigurationPlatforms) = postSolution
		{0FAD8C7D-E562-45D9-9D08-6359D06F8EC5}.Debug|Any CPU.ActiveCfg = Debug|Any CPU
		{0FAD8C7D-E562-45D9-9D08-6359D06F8EC5}.Debug|Any CPU.Build.0 = Debug|Any CPU
		{0FAD8C7D-E562-45D9-9D08-6359D06F8EC5}.Release|Any CPU.ActiveCfg = Release|Any CPU
		{0FAD8C7D-E562-45D9-9D08-6359D06F8EC5}.Release|Any CPU.Build.0 = Release|Any CPU
		{4D96BE26-24B3-406A-9524-BBCF7C9D8B4F}.Debug|Any CPU.ActiveCfg = Debug|Any CPU
		{4D96BE26-24B3-406A-9524-BBCF7C9D8B4F}.Debug|Any CPU.Build.0 = Debug|Any CPU
		{4D96BE26-24B3-406A-9524-BBCF7C9D8B4F}.Release|Any CPU.ActiveCfg = Release|Any CPU
		{4D96BE26-24B3-406A-9524-BBCF7C9D8B4F}.Release|Any CPU.Build.0 = Release|Any CPU
	EndGlobalSection
	GlobalSection(SolutionProperties) = preSolution
		HideSolutionNode = FALSE
	EndGlobalSection
	GlobalSection(ExtensibilityGlobals) = postSolution
		SolutionGuid = {D39E401D-2AC4-4D0F-B403-6F8BCF5FCCAC}
	EndGlobalSection
EndGlobal
